// !$*UTF8*$!
{
	archiveVersion = 1;
	classes = {
	};
	objectVersion = 46;
	objects = {

/* Begin PBXBuildFile section */
		00AAC09318877A1D003C867C /* Foundation.framework in Frameworks */ = {isa = PBXBuildFile; fileRef = 00AAC09218877A1D003C867C /* Foundation.framework */; };
		00AAC09518877A1D003C867C /* CoreGraphics.framework in Frameworks */ = {isa = PBXBuildFile; fileRef = 00AAC09418877A1D003C867C /* CoreGraphics.framework */; };
		00AAC09718877A1D003C867C /* UIKit.framework in Frameworks */ = {isa = PBXBuildFile; fileRef = 00AAC09618877A1D003C867C /* UIKit.framework */; };
		00AAC09D18877A1D003C867C /* InfoPlist.strings in Resources */ = {isa = PBXBuildFile; fileRef = 00AAC09B18877A1D003C867C /* InfoPlist.strings */; };
		00AAC09F18877A1D003C867C /* main.m in Sources */ = {isa = PBXBuildFile; fileRef = 00AAC09E18877A1D003C867C /* main.m */; };
		00AAC0A318877A1D003C867C /* AppDelegate.m in Sources */ = {isa = PBXBuildFile; fileRef = 00AAC0A218877A1D003C867C /* AppDelegate.m */; };
		00AAC0A618877A1D003C867C /* Main.storyboard in Resources */ = {isa = PBXBuildFile; fileRef = 00AAC0A418877A1D003C867C /* Main.storyboard */; };
		00AAC0A918877A1D003C867C /* ViewController.m in Sources */ = {isa = PBXBuildFile; fileRef = 00AAC0A818877A1D003C867C /* ViewController.m */; };
		00AAC0AB18877A1E003C867C /* Images.xcassets in Resources */ = {isa = PBXBuildFile; fileRef = 00AAC0AA18877A1E003C867C /* Images.xcassets */; };
		00AAC0B218877A1E003C867C /* XCTest.framework in Frameworks */ = {isa = PBXBuildFile; fileRef = 00AAC0B118877A1E003C867C /* XCTest.framework */; };
		00AAC0B318877A1E003C867C /* Foundation.framework in Frameworks */ = {isa = PBXBuildFile; fileRef = 00AAC09218877A1D003C867C /* Foundation.framework */; };
		00AAC0B418877A1E003C867C /* UIKit.framework in Frameworks */ = {isa = PBXBuildFile; fileRef = 00AAC09618877A1D003C867C /* UIKit.framework */; };
		00AAC0BC18877A1E003C867C /* InfoPlist.strings in Resources */ = {isa = PBXBuildFile; fileRef = 00AAC0BA18877A1E003C867C /* InfoPlist.strings */; };
		00AAC0BE18877A1E003C867C /* day15_5_3_8_moviePlayerTests.m in Sources */ = {isa = PBXBuildFile; fileRef = 00AAC0BD18877A1E003C867C /* day15_5_3_8_moviePlayerTests.m */; };
/* End PBXBuildFile section */

/* Begin PBXContainerItemProxy section */
		00AAC0B518877A1E003C867C /* PBXContainerItemProxy */ = {
			isa = PBXContainerItemProxy;
			containerPortal = 00AAC08718877A1D003C867C /* Project object */;
			proxyType = 1;
			remoteGlobalIDString = 00AAC08E18877A1D003C867C;
			remoteInfo = day15_5_3_8_moviePlayer;
		};
/* End PBXContainerItemProxy section */

/* Begin PBXFileReference section */
		00AAC08F18877A1D003C867C /* day15_5_3_8_moviePlayer.app */ = {isa = PBXFileReference; explicitFileType = wrapper.application; includeInIndex = 0; path = day15_5_3_8_moviePlayer.app; sourceTree = BUILT_PRODUCTS_DIR; };
		00AAC09218877A1D003C867C /* Foundation.framework */ = {isa = PBXFileReference; lastKnownFileType = wrapper.framework; name = Foundation.framework; path = System/Library/Frameworks/Foundation.framework; sourceTree = SDKROOT; };
		00AAC09418877A1D003C867C /* CoreGraphics.framework */ = {isa = PBXFileReference; lastKnownFileType = wrapper.framework; name = CoreGraphics.framework; path = System/Library/Frameworks/CoreGraphics.framework; sourceTree = SDKROOT; };
		00AAC09618877A1D003C867C /* UIKit.framework */ = {isa = PBXFileReference; lastKnownFileType = wrapper.framework; name = UIKit.framework; path = System/Library/Frameworks/UIKit.framework; sourceTree = SDKROOT; };
		00AAC09A18877A1D003C867C /* day15_5_3_8_moviePlayer-Info.plist */ = {isa = PBXFileReference; lastKnownFileType = text.plist.xml; path = "day15_5_3_8_moviePlayer-Info.plist"; sourceTree = "<group>"; };
		00AAC09C18877A1D003C867C /* en */ = {isa = PBXFileReference; lastKnownFileType = text.plist.strings; name = en; path = en.lproj/InfoPlist.strings; sourceTree = "<group>"; };
		00AAC09E18877A1D003C867C /* main.m */ = {isa = PBXFileReference; lastKnownFileType = sourcecode.c.objc; path = main.m; sourceTree = "<group>"; };
		00AAC0A018877A1D003C867C /* day15_5_3_8_moviePlayer-Prefix.pch */ = {isa = PBXFileReference; lastKnownFileType = sourcecode.c.h; path = "day15_5_3_8_moviePlayer-Prefix.pch"; sourceTree = "<group>"; };
		00AAC0A118877A1D003C867C /* AppDelegate.h */ = {isa = PBXFileReference; lastKnownFileType = sourcecode.c.h; path = AppDelegate.h; sourceTree = "<group>"; };
		00AAC0A218877A1D003C867C /* AppDelegate.m */ = {isa = PBXFileReference; lastKnownFileType = sourcecode.c.objc; path = AppDelegate.m; sourceTree = "<group>"; };
		00AAC0A518877A1D003C867C /* Base */ = {isa = PBXFileReference; lastKnownFileType = file.storyboard; name = Base; path = Base.lproj/Main.storyboard; sourceTree = "<group>"; };
		00AAC0A718877A1D003C867C /* ViewController.h */ = {isa = PBXFileReference; lastKnownFileType = sourcecode.c.h; path = ViewController.h; sourceTree = "<group>"; };
		00AAC0A818877A1D003C867C /* ViewController.m */ = {isa = PBXFileReference; lastKnownFileType = sourcecode.c.objc; path = ViewController.m; sourceTree = "<group>"; };
		00AAC0AA18877A1E003C867C /* Images.xcassets */ = {isa = PBXFileReference; lastKnownFileType = folder.assetcatalog; path = Images.xcassets; sourceTree = "<group>"; };
		00AAC0B018877A1E003C867C /* day15_5_3_8_moviePlayerTests.xctest */ = {isa = PBXFileReference; explicitFileType = wrapper.cfbundle; includeInIndex = 0; path = day15_5_3_8_moviePlayerTests.xctest; sourceTree = BUILT_PRODUCTS_DIR; };
		00AAC0B118877A1E003C867C /* XCTest.framework */ = {isa = PBXFileReference; lastKnownFileType = wrapper.framework; name = XCTest.framework; path = Library/Frameworks/XCTest.framework; sourceTree = DEVELOPER_DIR; };
		00AAC0B918877A1E003C867C /* day15_5_3_8_moviePlayerTests-Info.plist */ = {isa = PBXFileReference; lastKnownFileType = text.plist.xml; path = "day15_5_3_8_moviePlayerTests-Info.plist"; sourceTree = "<group>"; };
		00AAC0BB18877A1E003C867C /* en */ = {isa = PBXFileReference; lastKnownFileType = text.plist.strings; name = en; path = en.lproj/InfoPlist.strings; sourceTree = "<group>"; };
		00AAC0BD18877A1E003C867C /* day15_5_3_8_moviePlayerTests.m */ = {isa = PBXFileReference; lastKnownFileType = sourcecode.c.objc; path = day15_5_3_8_moviePlayerTests.m; sourceTree = "<group>"; };
/* End PBXFileReference section */

/* Begin PBXFrameworksBuildPhase section */
		00AAC08C18877A1D003C867C /* Frameworks */ = {
			isa = PBXFrameworksBuildPhase;
			buildActionMask = 2147483647;
			files = (
				00AAC09518877A1D003C867C /* CoreGraphics.framework in Frameworks */,
				00AAC09718877A1D003C867C /* UIKit.framework in Frameworks */,
				00AAC09318877A1D003C867C /* Foundation.framework in Frameworks */,
			);
			runOnlyForDeploymentPostprocessing = 0;
		};
		00AAC0AD18877A1E003C867C /* Frameworks */ = {
			isa = PBXFrameworksBuildPhase;
			buildActionMask = 2147483647;
			files = (
				00AAC0B218877A1E003C867C /* XCTest.framework in Frameworks */,
				00AAC0B418877A1E003C867C /* UIKit.framework in Frameworks */,
				00AAC0B318877A1E003C867C /* Foundation.framework in Frameworks */,
			);
			runOnlyForDeploymentPostprocessing = 0;
		};
/* End PBXFrameworksBuildPhase section */

/* Begin PBXGroup section */
		00AAC08618877A1D003C867C = {
			isa = PBXGroup;
			children = (
				00AAC09818877A1D003C867C /* day15_5_3_8_moviePlayer */,
				00AAC0B718877A1E003C867C /* day15_5_3_8_moviePlayerTests */,
				00AAC09118877A1D003C867C /* Frameworks */,
				00AAC09018877A1D003C867C /* Products */,
			);
			sourceTree = "<group>";
		};
		00AAC09018877A1D003C867C /* Products */ = {
			isa = PBXGroup;
			children = (
				00AAC08F18877A1D003C867C /* day15_5_3_8_moviePlayer.app */,
				00AAC0B018877A1E003C867C /* day15_5_3_8_moviePlayerTests.xctest */,
			);
			name = Products;
			sourceTree = "<group>";
		};
		00AAC09118877A1D003C867C /* Frameworks */ = {
			isa = PBXGroup;
			children = (
				00AAC09218877A1D003C867C /* Foundation.framework */,
				00AAC09418877A1D003C867C /* CoreGraphics.framework */,
				00AAC09618877A1D003C867C /* UIKit.framework */,
				00AAC0B118877A1E003C867C /* XCTest.framework */,
			);
			name = Frameworks;
			sourceTree = "<group>";
		};
		00AAC09818877A1D003C867C /* day15_5_3_8_moviePlayer */ = {
			isa = PBXGroup;
			children = (
				00AAC0A118877A1D003C867C /* AppDelegate.h */,
				00AAC0A218877A1D003C867C /* AppDelegate.m */,
				00AAC0A418877A1D003C867C /* Main.storyboard */,
				00AAC0A718877A1D003C867C /* ViewController.h */,
				00AAC0A818877A1D003C867C /* ViewController.m */,
				00AAC0AA18877A1E003C867C /* Images.xcassets */,
				00AAC09918877A1D003C867C /* Supporting Files */,
			);
			path = day15_5_3_8_moviePlayer;
			sourceTree = "<group>";
		};
		00AAC09918877A1D003C867C /* Supporting Files */ = {
			isa = PBXGroup;
			children = (
				00AAC09A18877A1D003C867C /* day15_5_3_8_moviePlayer-Info.plist */,
				00AAC09B18877A1D003C867C /* InfoPlist.strings */,
				00AAC09E18877A1D003C867C /* main.m */,
				00AAC0A018877A1D003C867C /* day15_5_3_8_moviePlayer-Prefix.pch */,
			);
			name = "Supporting Files";
			sourceTree = "<group>";
		};
		00AAC0B718877A1E003C867C /* day15_5_3_8_moviePlayerTests */ = {
			isa = PBXGroup;
			children = (
				00AAC0BD18877A1E003C867C /* day15_5_3_8_moviePlayerTests.m */,
				00AAC0B818877A1E003C867C /* Supporting Files */,
			);
			path = day15_5_3_8_moviePlayerTests;
			sourceTree = "<group>";
		};
		00AAC0B818877A1E003C867C /* Supporting Files */ = {
			isa = PBXGroup;
			children = (
				00AAC0B918877A1E003C867C /* day15_5_3_8_moviePlayerTests-Info.plist */,
				00AAC0BA18877A1E003C867C /* InfoPlist.strings */,
			);
			name = "Supporting Files";
			sourceTree = "<group>";
		};
/* End PBXGroup section */

/* Begin PBXNativeTarget section */
		00AAC08E18877A1D003C867C /* day15_5_3_8_moviePlayer */ = {
			isa = PBXNativeTarget;
			buildConfigurationList = 00AAC0C118877A1E003C867C /* Build configuration list for PBXNativeTarget "day15_5_3_8_moviePlayer" */;
			buildPhases = (
				00AAC08B18877A1D003C867C /* Sources */,
				00AAC08C18877A1D003C867C /* Frameworks */,
				00AAC08D18877A1D003C867C /* Resources */,
			);
			buildRules = (
			);
			dependencies = (
			);
			name = day15_5_3_8_moviePlayer;
			productName = day15_5_3_8_moviePlayer;
			productReference = 00AAC08F18877A1D003C867C /* day15_5_3_8_moviePlayer.app */;
			productType = "com.apple.product-type.application";
		};
		00AAC0AF18877A1E003C867C /* day15_5_3_8_moviePlayerTests */ = {
			isa = PBXNativeTarget;
			buildConfigurationList = 00AAC0C418877A1E003C867C /* Build configuration list for PBXNativeTarget "day15_5_3_8_moviePlayerTests" */;
			buildPhases = (
				00AAC0AC18877A1E003C867C /* Sources */,
				00AAC0AD18877A1E003C867C /* Frameworks */,
				00AAC0AE18877A1E003C867C /* Resources */,
			);
			buildRules = (
			);
			dependencies = (
				00AAC0B618877A1E003C867C /* PBXTargetDependency */,
			);
			name = day15_5_3_8_moviePlayerTests;
			productName = day15_5_3_8_moviePlayerTests;
			productReference = 00AAC0B018877A1E003C867C /* day15_5_3_8_moviePlayerTests.xctest */;
			productType = "com.apple.product-type.bundle.unit-test";
		};
/* End PBXNativeTarget section */

/* Begin PBXProject section */
		00AAC08718877A1D003C867C /* Project object */ = {
			isa = PBXProject;
			attributes = {
				LastUpgradeCheck = 0500;
				ORGANIZATIONNAME = "SDT-1";
				TargetAttributes = {
					00AAC0AF18877A1E003C867C = {
						TestTargetID = 00AAC08E18877A1D003C867C;
					};
				};
			};
			buildConfigurationList = 00AAC08A18877A1D003C867C /* Build configuration list for PBXProject "day15_5_3_8_moviePlayer" */;
			compatibilityVersion = "Xcode 3.2";
			developmentRegion = English;
			hasScannedForEncodings = 0;
			knownRegions = (
				en,
				Base,
			);
			mainGroup = 00AAC08618877A1D003C867C;
			productRefGroup = 00AAC09018877A1D003C867C /* Products */;
			projectDirPath = "";
			projectRoot = "";
			targets = (
				00AAC08E18877A1D003C867C /* day15_5_3_8_moviePlayer */,
				00AAC0AF18877A1E003C867C /* day15_5_3_8_moviePlayerTests */,
			);
		};
/* End PBXProject section */

/* Begin PBXResourcesBuildPhase section */
		00AAC08D18877A1D003C867C /* Resources */ = {
			isa = PBXResourcesBuildPhase;
			buildActionMask = 2147483647;
			files = (
				00AAC0AB18877A1E003C867C /* Images.xcassets in Resources */,
				00AAC09D18877A1D003C867C /* InfoPlist.strings in Resources */,
				00AAC0A618877A1D003C867C /* Main.storyboard in Resources */,
			);
			runOnlyForDeploymentPostprocessing = 0;
		};
		00AAC0AE18877A1E003C867C /* Resources */ = {
			isa = PBXResourcesBuildPhase;
			buildActionMask = 2147483647;
			files = (
				00AAC0BC18877A1E003C867C /* InfoPlist.strings in Resources */,
			);
			runOnlyForDeploymentPostprocessing = 0;
		};
/* End PBXResourcesBuildPhase section */

/* Begin PBXSourcesBuildPhase section */
		00AAC08B18877A1D003C867C /* Sources */ = {
			isa = PBXSourcesBuildPhase;
			buildActionMask = 2147483647;
			files = (
				00AAC0A918877A1D003C867C /* ViewController.m in Sources */,
				00AAC0A318877A1D003C867C /* AppDelegate.m in Sources */,
				00AAC09F18877A1D003C867C /* main.m in Sources */,
			);
			runOnlyForDeploymentPostprocessing = 0;
		};
		00AAC0AC18877A1E003C867C /* Sources */ = {
			isa = PBXSourcesBuildPhase;
			buildActionMask = 2147483647;
			files = (
				00AAC0BE18877A1E003C867C /* day15_5_3_8_moviePlayerTests.m in Sources */,
			);
			runOnlyForDeploymentPostprocessing = 0;
		};
/* End PBXSourcesBuildPhase section */

/* Begin PBXTargetDependency section */
		00AAC0B618877A1E003C867C /* PBXTargetDependency */ = {
			isa = PBXTargetDependency;
			target = 00AAC08E18877A1D003C867C /* day15_5_3_8_moviePlayer */;
			targetProxy = 00AAC0B518877A1E003C867C /* PBXContainerItemProxy */;
		};
/* End PBXTargetDependency section */

/* Begin PBXVariantGroup section */
		00AAC09B18877A1D003C867C /* InfoPlist.strings */ = {
			isa = PBXVariantGroup;
			children = (
				00AAC09C18877A1D003C867C /* en */,
			);
			name = InfoPlist.strings;
			sourceTree = "<group>";
		};
		00AAC0A418877A1D003C867C /* Main.storyboard */ = {
			isa = PBXVariantGroup;
			children = (
				00AAC0A518877A1D003C867C /* Base */,
			);
			name = Main.storyboard;
			sourceTree = "<group>";
		};
		00AAC0BA18877A1E003C867C /* InfoPlist.strings */ = {
			isa = PBXVariantGroup;
			children = (
				00AAC0BB18877A1E003C867C /* en */,
			);
			name = InfoPlist.strings;
			sourceTree = "<group>";
		};
/* End PBXVariantGroup section */

/* Begin XCBuildConfiguration section */
		00AAC0BF18877A1E003C867C /* Debug */ = {
			isa = XCBuildConfiguration;
			buildSettings = {
				ALWAYS_SEARCH_USER_PATHS = NO;
				ARCHS = "$(ARCHS_STANDARD_INCLUDING_64_BIT)";
				CLANG_CXX_LANGUAGE_STANDARD = "gnu++0x";
				CLANG_CXX_LIBRARY = "libc++";
				CLANG_ENABLE_MODULES = YES;
				CLANG_ENABLE_OBJC_ARC = YES;
				CLANG_WARN_BOOL_CONVERSION = YES;
				CLANG_WARN_CONSTANT_CONVERSION = YES;
				CLANG_WARN_DIRECT_OBJC_ISA_USAGE = YES_ERROR;
				CLANG_WARN_EMPTY_BODY = YES;
				CLANG_WARN_ENUM_CONVERSION = YES;
				CLANG_WARN_INT_CONVERSION = YES;
				CLANG_WARN_OBJC_ROOT_CLASS = YES_ERROR;
				CLANG_WARN__DUPLICATE_METHOD_MATCH = YES;
				"CODE_SIGN_IDENTITY[sdk=iphoneos*]" = "iPhone Developer";
				COPY_PHASE_STRIP = NO;
				GCC_C_LANGUAGE_STANDARD = gnu99;
				GCC_DYNAMIC_NO_PIC = NO;
				GCC_OPTIMIZATION_LEVEL = 0;
				GCC_PREPROCESSOR_DEFINITIONS = (
					"DEBUG=1",
					"$(inherited)",
				);
				GCC_SYMBOLS_PRIVATE_EXTERN = NO;
				GCC_WARN_64_TO_32_BIT_CONVERSION = YES;
				GCC_WARN_ABOUT_RETURN_TYPE = YES_ERROR;
				GCC_WARN_UNDECLARED_SELECTOR = YES;
				GCC_WARN_UNINITIALIZED_AUTOS = YES;
				GCC_WARN_UNUSED_FUNCTION = YES;
				GCC_WARN_UNUSED_VARIABLE = YES;
				IPHONEOS_DEPLOYMENT_TARGET = 7.0;
				ONLY_ACTIVE_ARCH = YES;
				SDKROOT = iphoneos;
			};
			name = Debug;
		};
		00AAC0C018877A1E003C867C /* Release */ = {
			isa = XCBuildConfiguration;
			buildSettings = {
				ALWAYS_SEARCH_USER_PATHS = NO;
				ARCHS = "$(ARCHS_STANDARD_INCLUDING_64_BIT)";
				CLANG_CXX_LANGUAGE_STANDARD = "gnu++0x";
				CLANG_CXX_LIBRARY = "libc++";
				CLANG_ENABLE_MODULES = YES;
				CLANG_ENABLE_OBJC_ARC = YES;
				CLANG_WARN_BOOL_CONVERSION = YES;
				CLANG_WARN_CONSTANT_CONVERSION = YES;
				CLANG_WARN_DIRECT_OBJC_ISA_USAGE = YES_ERROR;
				CLANG_WARN_EMPTY_BODY = YES;
				CLANG_WARN_ENUM_CONVERSION = YES;
				CLANG_WARN_INT_CONVERSION = YES;
				CLANG_WARN_OBJC_ROOT_CLASS = YES_ERROR;
				CLANG_WARN__DUPLICATE_METHOD_MATCH = YES;
				"CODE_SIGN_IDENTITY[sdk=iphoneos*]" = "iPhone Developer";
				COPY_PHASE_STRIP = YES;
				ENABLE_NS_ASSERTIONS = NO;
				GCC_C_LANGUAGE_STANDARD = gnu99;
				GCC_WARN_64_TO_32_BIT_CONVERSION = YES;
				GCC_WARN_ABOUT_RETURN_TYPE = YES_ERROR;
				GCC_WARN_UNDECLARED_SELECTOR = YES;
				GCC_WARN_UNINITIALIZED_AUTOS = YES;
				GCC_WARN_UNUSED_FUNCTION = YES;
				GCC_WARN_UNUSED_VARIABLE = YES;
				IPHONEOS_DEPLOYMENT_TARGET = 7.0;
				SDKROOT = iphoneos;
				VALIDATE_PRODUCT = YES;
			};
			name = Release;
		};
		00AAC0C218877A1E003C867C /* Debug */ = {
			isa = XCBuildConfiguration;
			buildSettings = {
				ASSETCATALOG_COMPILER_APPICON_NAME = AppIcon;
				ASSETCATALOG_COMPILER_LAUNCHIMAGE_NAME = LaunchImage;
				GCC_PRECOMPILE_PREFIX_HEADER = YES;
				GCC_PREFIX_HEADER = "day15_5_3_8_moviePlayer/day15_5_3_8_moviePlayer-Prefix.pch";
				INFOPLIST_FILE = "day15_5_3_8_moviePlayer/day15_5_3_8_moviePlayer-Info.plist";
				PRODUCT_NAME = "$(TARGET_NAME)";
				WRAPPER_EXTENSION = app;
			};
			name = Debug;
		};
		00AAC0C318877A1E003C867C /* Release */ = {
			isa = XCBuildConfiguration;
			buildSettings = {
				ASSETCATALOG_COMPILER_APPICON_NAME = AppIcon;
				ASSETCATALOG_COMPILER_LAUNCHIMAGE_NAME = LaunchImage;
				GCC_PRECOMPILE_PREFIX_HEADER = YES;
				GCC_PREFIX_HEADER = "day15_5_3_8_moviePlayer/day15_5_3_8_moviePlayer-Prefix.pch";
				INFOPLIST_FILE = "day15_5_3_8_moviePlayer/day15_5_3_8_moviePlayer-Info.plist";
				PRODUCT_NAME = "$(TARGET_NAME)";
				WRAPPER_EXTENSION = app;
			};
			name = Release;
		};
		00AAC0C518877A1E003C867C /* Debug */ = {
			isa = XCBuildConfiguration;
			buildSettings = {
				ARCHS = "$(ARCHS_STANDARD_INCLUDING_64_BIT)";
				BUNDLE_LOADER = "$(BUILT_PRODUCTS_DIR)/day15_5_3_8_moviePlayer.app/day15_5_3_8_moviePlayer";
				FRAMEWORK_SEARCH_PATHS = (
					"$(SDKROOT)/Developer/Library/Frameworks",
					"$(inherited)",
					"$(DEVELOPER_FRAMEWORKS_DIR)",
				);
				GCC_PRECOMPILE_PREFIX_HEADER = YES;
				GCC_PREFIX_HEADER = "day15_5_3_8_moviePlayer/day15_5_3_8_moviePlayer-Prefix.pch";
				GCC_PREPROCESSOR_DEFINITIONS = (
					"DEBUG=1",
					"$(inherited)",
				);
				INFOPLIST_FILE = "day15_5_3_8_moviePlayerTests/day15_5_3_8_moviePlayerTests-Info.plist";
				PRODUCT_NAME = "$(TARGET_NAME)";
				TEST_HOST = "$(BUNDLE_LOADER)";
				WRAPPER_EXTENSION = xctest;
			};
			name = Debug;
		};
		00AAC0C618877A1E003C867C /* Release */ = {
			isa = XCBuildConfiguration;
			buildSettings = {
				ARCHS = "$(ARCHS_STANDARD_INCLUDING_64_BIT)";
				BUNDLE_LOADER = "$(BUILT_PRODUCTS_DIR)/day15_5_3_8_moviePlayer.app/day15_5_3_8_moviePlayer";
				FRAMEWORK_SEARCH_PATHS = (
					"$(SDKROOT)/Developer/Library/Frameworks",
					"$(inherited)",
					"$(DEVELOPER_FRAMEWORKS_DIR)",
				);
				GCC_PRECOMPILE_PREFIX_HEADER = YES;
				GCC_PREFIX_HEADER = "day15_5_3_8_moviePlayer/day15_5_3_8_moviePlayer-Prefix.pch";
				INFOPLIST_FILE = "day15_5_3_8_moviePlayerTests/day15_5_3_8_moviePlayerTests-Info.plist";
				PRODUCT_NAME = "$(TARGET_NAME)";
				TEST_HOST = "$(BUNDLE_LOADER)";
				WRAPPER_EXTENSION = xctest;
			};
			name = Release;
		};
/* End XCBuildConfiguration section */

/* Begin XCConfigurationList section */
		00AAC08A18877A1D003C867C /* Build configuration list for PBXProject "day15_5_3_8_moviePlayer" */ = {
			isa = XCConfigurationList;
			buildConfigurations = (
				00AAC0BF18877A1E003C867C /* Debug */,
				00AAC0C018877A1E003C867C /* Release */,
			);
			defaultConfigurationIsVisible = 0;
			defaultConfigurationName = Release;
		};
		00AAC0C118877A1E003C867C /* Build configuration list for PBXNativeTarget "day15_5_3_8_moviePlayer" */ = {
			isa = XCConfigurationList;
			buildConfigurations = (
				00AAC0C218877A1E003C867C /* Debug */,
				00AAC0C318877A1E003C867C /* Release */,
			);
			defaultConfigurationIsVisible = 0;
		};
		00AAC0C418877A1E003C867C /* Build configuration list for PBXNativeTarget "day15_5_3_8_moviePlayerTests" */ = {
			isa = XCConfigurationList;
			buildConfigurations = (
				00AAC0C518877A1E003C867C /* Debug */,
				00AAC0C618877A1E003C867C /* Release */,
			);
			defaultConfigurationIsVisible = 0;
		};
/* End XCConfigurationList section */
	};
	rootObject = 00AAC08718877A1D003C867C /* Project object */;
}
