// !$*UTF8*$!
{
	archiveVersion = 1;
	classes = {
	};
	objectVersion = 46;
	objects = {

/* Begin PBXBuildFile section */
		000E3ECA187FD5D4007EA39A /* Foundation.framework in Frameworks */ = {isa = PBXBuildFile; fileRef = 000E3EC9187FD5D4007EA39A /* Foundation.framework */; };
		000E3ECC187FD5D4007EA39A /* CoreGraphics.framework in Frameworks */ = {isa = PBXBuildFile; fileRef = 000E3ECB187FD5D4007EA39A /* CoreGraphics.framework */; };
		000E3ECE187FD5D4007EA39A /* UIKit.framework in Frameworks */ = {isa = PBXBuildFile; fileRef = 000E3ECD187FD5D4007EA39A /* UIKit.framework */; };
		000E3ED4187FD5D4007EA39A /* InfoPlist.strings in Resources */ = {isa = PBXBuildFile; fileRef = 000E3ED2187FD5D4007EA39A /* InfoPlist.strings */; };
		000E3ED6187FD5D4007EA39A /* main.m in Sources */ = {isa = PBXBuildFile; fileRef = 000E3ED5187FD5D4007EA39A /* main.m */; };
		000E3EDA187FD5D5007EA39A /* AppDelegate.m in Sources */ = {isa = PBXBuildFile; fileRef = 000E3ED9187FD5D5007EA39A /* AppDelegate.m */; };
		000E3EDD187FD5D5007EA39A /* Main.storyboard in Resources */ = {isa = PBXBuildFile; fileRef = 000E3EDB187FD5D5007EA39A /* Main.storyboard */; };
		000E3EE0187FD5D5007EA39A /* ViewController.m in Sources */ = {isa = PBXBuildFile; fileRef = 000E3EDF187FD5D5007EA39A /* ViewController.m */; };
		000E3EE2187FD5D5007EA39A /* Images.xcassets in Resources */ = {isa = PBXBuildFile; fileRef = 000E3EE1187FD5D5007EA39A /* Images.xcassets */; };
		000E3EE9187FD5D5007EA39A /* XCTest.framework in Frameworks */ = {isa = PBXBuildFile; fileRef = 000E3EE8187FD5D5007EA39A /* XCTest.framework */; };
		000E3EEA187FD5D5007EA39A /* Foundation.framework in Frameworks */ = {isa = PBXBuildFile; fileRef = 000E3EC9187FD5D4007EA39A /* Foundation.framework */; };
		000E3EEB187FD5D5007EA39A /* UIKit.framework in Frameworks */ = {isa = PBXBuildFile; fileRef = 000E3ECD187FD5D4007EA39A /* UIKit.framework */; };
		000E3EF3187FD5D5007EA39A /* InfoPlist.strings in Resources */ = {isa = PBXBuildFile; fileRef = 000E3EF1187FD5D5007EA39A /* InfoPlist.strings */; };
		000E3EF5187FD5D5007EA39A /* day11_2_6_6_navigationTests.m in Sources */ = {isa = PBXBuildFile; fileRef = 000E3EF4187FD5D5007EA39A /* day11_2_6_6_navigationTests.m */; };
		000E3F00187FD669007EA39A /* DetailVCController.m in Sources */ = {isa = PBXBuildFile; fileRef = 000E3EFF187FD669007EA39A /* DetailVCController.m */; };
/* End PBXBuildFile section */

/* Begin PBXContainerItemProxy section */
		000E3EEC187FD5D5007EA39A /* PBXContainerItemProxy */ = {
			isa = PBXContainerItemProxy;
			containerPortal = 000E3EBE187FD5D4007EA39A /* Project object */;
			proxyType = 1;
			remoteGlobalIDString = 000E3EC5187FD5D4007EA39A;
			remoteInfo = day11_2_6_6_navigation;
		};
/* End PBXContainerItemProxy section */

/* Begin PBXFileReference section */
		000E3EC6187FD5D4007EA39A /* day11_2_6_6_navigation.app */ = {isa = PBXFileReference; explicitFileType = wrapper.application; includeInIndex = 0; path = day11_2_6_6_navigation.app; sourceTree = BUILT_PRODUCTS_DIR; };
		000E3EC9187FD5D4007EA39A /* Foundation.framework */ = {isa = PBXFileReference; lastKnownFileType = wrapper.framework; name = Foundation.framework; path = System/Library/Frameworks/Foundation.framework; sourceTree = SDKROOT; };
		000E3ECB187FD5D4007EA39A /* CoreGraphics.framework */ = {isa = PBXFileReference; lastKnownFileType = wrapper.framework; name = CoreGraphics.framework; path = System/Library/Frameworks/CoreGraphics.framework; sourceTree = SDKROOT; };
		000E3ECD187FD5D4007EA39A /* UIKit.framework */ = {isa = PBXFileReference; lastKnownFileType = wrapper.framework; name = UIKit.framework; path = System/Library/Frameworks/UIKit.framework; sourceTree = SDKROOT; };
		000E3ED1187FD5D4007EA39A /* day11_2_6_6_navigation-Info.plist */ = {isa = PBXFileReference; lastKnownFileType = text.plist.xml; path = "day11_2_6_6_navigation-Info.plist"; sourceTree = "<group>"; };
		000E3ED3187FD5D4007EA39A /* en */ = {isa = PBXFileReference; lastKnownFileType = text.plist.strings; name = en; path = en.lproj/InfoPlist.strings; sourceTree = "<group>"; };
		000E3ED5187FD5D4007EA39A /* main.m */ = {isa = PBXFileReference; lastKnownFileType = sourcecode.c.objc; path = main.m; sourceTree = "<group>"; };
		000E3ED7187FD5D5007EA39A /* day11_2_6_6_navigation-Prefix.pch */ = {isa = PBXFileReference; lastKnownFileType = sourcecode.c.h; path = "day11_2_6_6_navigation-Prefix.pch"; sourceTree = "<group>"; };
		000E3ED8187FD5D5007EA39A /* AppDelegate.h */ = {isa = PBXFileReference; lastKnownFileType = sourcecode.c.h; path = AppDelegate.h; sourceTree = "<group>"; };
		000E3ED9187FD5D5007EA39A /* AppDelegate.m */ = {isa = PBXFileReference; lastKnownFileType = sourcecode.c.objc; path = AppDelegate.m; sourceTree = "<group>"; };
		000E3EDC187FD5D5007EA39A /* Base */ = {isa = PBXFileReference; lastKnownFileType = file.storyboard; name = Base; path = Base.lproj/Main.storyboard; sourceTree = "<group>"; };
		000E3EDE187FD5D5007EA39A /* ViewController.h */ = {isa = PBXFileReference; lastKnownFileType = sourcecode.c.h; path = ViewController.h; sourceTree = "<group>"; };
		000E3EDF187FD5D5007EA39A /* ViewController.m */ = {isa = PBXFileReference; lastKnownFileType = sourcecode.c.objc; path = ViewController.m; sourceTree = "<group>"; };
		000E3EE1187FD5D5007EA39A /* Images.xcassets */ = {isa = PBXFileReference; lastKnownFileType = folder.assetcatalog; path = Images.xcassets; sourceTree = "<group>"; };
		000E3EE7187FD5D5007EA39A /* day11_2_6_6_navigationTests.xctest */ = {isa = PBXFileReference; explicitFileType = wrapper.cfbundle; includeInIndex = 0; path = day11_2_6_6_navigationTests.xctest; sourceTree = BUILT_PRODUCTS_DIR; };
		000E3EE8187FD5D5007EA39A /* XCTest.framework */ = {isa = PBXFileReference; lastKnownFileType = wrapper.framework; name = XCTest.framework; path = Library/Frameworks/XCTest.framework; sourceTree = DEVELOPER_DIR; };
		000E3EF0187FD5D5007EA39A /* day11_2_6_6_navigationTests-Info.plist */ = {isa = PBXFileReference; lastKnownFileType = text.plist.xml; path = "day11_2_6_6_navigationTests-Info.plist"; sourceTree = "<group>"; };
		000E3EF2187FD5D5007EA39A /* en */ = {isa = PBXFileReference; lastKnownFileType = text.plist.strings; name = en; path = en.lproj/InfoPlist.strings; sourceTree = "<group>"; };
		000E3EF4187FD5D5007EA39A /* day11_2_6_6_navigationTests.m */ = {isa = PBXFileReference; lastKnownFileType = sourcecode.c.objc; path = day11_2_6_6_navigationTests.m; sourceTree = "<group>"; };
		000E3EFE187FD669007EA39A /* DetailVCController.h */ = {isa = PBXFileReference; fileEncoding = 4; lastKnownFileType = sourcecode.c.h; path = DetailVCController.h; sourceTree = "<group>"; };
		000E3EFF187FD669007EA39A /* DetailVCController.m */ = {isa = PBXFileReference; fileEncoding = 4; lastKnownFileType = sourcecode.c.objc; path = DetailVCController.m; sourceTree = "<group>"; };
/* End PBXFileReference section */

/* Begin PBXFrameworksBuildPhase section */
		000E3EC3187FD5D4007EA39A /* Frameworks */ = {
			isa = PBXFrameworksBuildPhase;
			buildActionMask = 2147483647;
			files = (
				000E3ECC187FD5D4007EA39A /* CoreGraphics.framework in Frameworks */,
				000E3ECE187FD5D4007EA39A /* UIKit.framework in Frameworks */,
				000E3ECA187FD5D4007EA39A /* Foundation.framework in Frameworks */,
			);
			runOnlyForDeploymentPostprocessing = 0;
		};
		000E3EE4187FD5D5007EA39A /* Frameworks */ = {
			isa = PBXFrameworksBuildPhase;
			buildActionMask = 2147483647;
			files = (
				000E3EE9187FD5D5007EA39A /* XCTest.framework in Frameworks */,
				000E3EEB187FD5D5007EA39A /* UIKit.framework in Frameworks */,
				000E3EEA187FD5D5007EA39A /* Foundation.framework in Frameworks */,
			);
			runOnlyForDeploymentPostprocessing = 0;
		};
/* End PBXFrameworksBuildPhase section */

/* Begin PBXGroup section */
		000E3EBD187FD5D4007EA39A = {
			isa = PBXGroup;
			children = (
				000E3ECF187FD5D4007EA39A /* day11_2_6_6_navigation */,
				000E3EEE187FD5D5007EA39A /* day11_2_6_6_navigationTests */,
				000E3EC8187FD5D4007EA39A /* Frameworks */,
				000E3EC7187FD5D4007EA39A /* Products */,
			);
			sourceTree = "<group>";
		};
		000E3EC7187FD5D4007EA39A /* Products */ = {
			isa = PBXGroup;
			children = (
				000E3EC6187FD5D4007EA39A /* day11_2_6_6_navigation.app */,
				000E3EE7187FD5D5007EA39A /* day11_2_6_6_navigationTests.xctest */,
			);
			name = Products;
			sourceTree = "<group>";
		};
		000E3EC8187FD5D4007EA39A /* Frameworks */ = {
			isa = PBXGroup;
			children = (
				000E3EC9187FD5D4007EA39A /* Foundation.framework */,
				000E3ECB187FD5D4007EA39A /* CoreGraphics.framework */,
				000E3ECD187FD5D4007EA39A /* UIKit.framework */,
				000E3EE8187FD5D5007EA39A /* XCTest.framework */,
			);
			name = Frameworks;
			sourceTree = "<group>";
		};
		000E3ECF187FD5D4007EA39A /* day11_2_6_6_navigation */ = {
			isa = PBXGroup;
			children = (
				000E3ED8187FD5D5007EA39A /* AppDelegate.h */,
				000E3ED9187FD5D5007EA39A /* AppDelegate.m */,
				000E3EDB187FD5D5007EA39A /* Main.storyboard */,
				000E3EDE187FD5D5007EA39A /* ViewController.h */,
				000E3EDF187FD5D5007EA39A /* ViewController.m */,
				000E3EE1187FD5D5007EA39A /* Images.xcassets */,
				000E3ED0187FD5D4007EA39A /* Supporting Files */,
				000E3EFE187FD669007EA39A /* DetailVCController.h */,
				000E3EFF187FD669007EA39A /* DetailVCController.m */,
			);
			path = day11_2_6_6_navigation;
			sourceTree = "<group>";
		};
		000E3ED0187FD5D4007EA39A /* Supporting Files */ = {
			isa = PBXGroup;
			children = (
				000E3ED1187FD5D4007EA39A /* day11_2_6_6_navigation-Info.plist */,
				000E3ED2187FD5D4007EA39A /* InfoPlist.strings */,
				000E3ED5187FD5D4007EA39A /* main.m */,
				000E3ED7187FD5D5007EA39A /* day11_2_6_6_navigation-Prefix.pch */,
			);
			name = "Supporting Files";
			sourceTree = "<group>";
		};
		000E3EEE187FD5D5007EA39A /* day11_2_6_6_navigationTests */ = {
			isa = PBXGroup;
			children = (
				000E3EF4187FD5D5007EA39A /* day11_2_6_6_navigationTests.m */,
				000E3EEF187FD5D5007EA39A /* Supporting Files */,
			);
			path = day11_2_6_6_navigationTests;
			sourceTree = "<group>";
		};
		000E3EEF187FD5D5007EA39A /* Supporting Files */ = {
			isa = PBXGroup;
			children = (
				000E3EF0187FD5D5007EA39A /* day11_2_6_6_navigationTests-Info.plist */,
				000E3EF1187FD5D5007EA39A /* InfoPlist.strings */,
			);
			name = "Supporting Files";
			sourceTree = "<group>";
		};
/* End PBXGroup section */

/* Begin PBXNativeTarget section */
		000E3EC5187FD5D4007EA39A /* day11_2_6_6_navigation */ = {
			isa = PBXNativeTarget;
			buildConfigurationList = 000E3EF8187FD5D5007EA39A /* Build configuration list for PBXNativeTarget "day11_2_6_6_navigation" */;
			buildPhases = (
				000E3EC2187FD5D4007EA39A /* Sources */,
				000E3EC3187FD5D4007EA39A /* Frameworks */,
				000E3EC4187FD5D4007EA39A /* Resources */,
			);
			buildRules = (
			);
			dependencies = (
			);
			name = day11_2_6_6_navigation;
			productName = day11_2_6_6_navigation;
			productReference = 000E3EC6187FD5D4007EA39A /* day11_2_6_6_navigation.app */;
			productType = "com.apple.product-type.application";
		};
		000E3EE6187FD5D5007EA39A /* day11_2_6_6_navigationTests */ = {
			isa = PBXNativeTarget;
			buildConfigurationList = 000E3EFB187FD5D5007EA39A /* Build configuration list for PBXNativeTarget "day11_2_6_6_navigationTests" */;
			buildPhases = (
				000E3EE3187FD5D5007EA39A /* Sources */,
				000E3EE4187FD5D5007EA39A /* Frameworks */,
				000E3EE5187FD5D5007EA39A /* Resources */,
			);
			buildRules = (
			);
			dependencies = (
				000E3EED187FD5D5007EA39A /* PBXTargetDependency */,
			);
			name = day11_2_6_6_navigationTests;
			productName = day11_2_6_6_navigationTests;
			productReference = 000E3EE7187FD5D5007EA39A /* day11_2_6_6_navigationTests.xctest */;
			productType = "com.apple.product-type.bundle.unit-test";
		};
/* End PBXNativeTarget section */

/* Begin PBXProject section */
		000E3EBE187FD5D4007EA39A /* Project object */ = {
			isa = PBXProject;
			attributes = {
				LastUpgradeCheck = 0500;
				ORGANIZATIONNAME = "SDT-1";
				TargetAttributes = {
					000E3EE6187FD5D5007EA39A = {
						TestTargetID = 000E3EC5187FD5D4007EA39A;
					};
				};
			};
			buildConfigurationList = 000E3EC1187FD5D4007EA39A /* Build configuration list for PBXProject "day11_2_6_6_navigation" */;
			compatibilityVersion = "Xcode 3.2";
			developmentRegion = English;
			hasScannedForEncodings = 0;
			knownRegions = (
				en,
				Base,
			);
			mainGroup = 000E3EBD187FD5D4007EA39A;
			productRefGroup = 000E3EC7187FD5D4007EA39A /* Products */;
			projectDirPath = "";
			projectRoot = "";
			targets = (
				000E3EC5187FD5D4007EA39A /* day11_2_6_6_navigation */,
				000E3EE6187FD5D5007EA39A /* day11_2_6_6_navigationTests */,
			);
		};
/* End PBXProject section */

/* Begin PBXResourcesBuildPhase section */
		000E3EC4187FD5D4007EA39A /* Resources */ = {
			isa = PBXResourcesBuildPhase;
			buildActionMask = 2147483647;
			files = (
				000E3EE2187FD5D5007EA39A /* Images.xcassets in Resources */,
				000E3ED4187FD5D4007EA39A /* InfoPlist.strings in Resources */,
				000E3EDD187FD5D5007EA39A /* Main.storyboard in Resources */,
			);
			runOnlyForDeploymentPostprocessing = 0;
		};
		000E3EE5187FD5D5007EA39A /* Resources */ = {
			isa = PBXResourcesBuildPhase;
			buildActionMask = 2147483647;
			files = (
				000E3EF3187FD5D5007EA39A /* InfoPlist.strings in Resources */,
			);
			runOnlyForDeploymentPostprocessing = 0;
		};
/* End PBXResourcesBuildPhase section */

/* Begin PBXSourcesBuildPhase section */
		000E3EC2187FD5D4007EA39A /* Sources */ = {
			isa = PBXSourcesBuildPhase;
			buildActionMask = 2147483647;
			files = (
				000E3EE0187FD5D5007EA39A /* ViewController.m in Sources */,
				000E3EDA187FD5D5007EA39A /* AppDelegate.m in Sources */,
				000E3ED6187FD5D4007EA39A /* main.m in Sources */,
				000E3F00187FD669007EA39A /* DetailVCController.m in Sources */,
			);
			runOnlyForDeploymentPostprocessing = 0;
		};
		000E3EE3187FD5D5007EA39A /* Sources */ = {
			isa = PBXSourcesBuildPhase;
			buildActionMask = 2147483647;
			files = (
				000E3EF5187FD5D5007EA39A /* day11_2_6_6_navigationTests.m in Sources */,
			);
			runOnlyForDeploymentPostprocessing = 0;
		};
/* End PBXSourcesBuildPhase section */

/* Begin PBXTargetDependency section */
		000E3EED187FD5D5007EA39A /* PBXTargetDependency */ = {
			isa = PBXTargetDependency;
			target = 000E3EC5187FD5D4007EA39A /* day11_2_6_6_navigation */;
			targetProxy = 000E3EEC187FD5D5007EA39A /* PBXContainerItemProxy */;
		};
/* End PBXTargetDependency section */

/* Begin PBXVariantGroup section */
		000E3ED2187FD5D4007EA39A /* InfoPlist.strings */ = {
			isa = PBXVariantGroup;
			children = (
				000E3ED3187FD5D4007EA39A /* en */,
			);
			name = InfoPlist.strings;
			sourceTree = "<group>";
		};
		000E3EDB187FD5D5007EA39A /* Main.storyboard */ = {
			isa = PBXVariantGroup;
			children = (
				000E3EDC187FD5D5007EA39A /* Base */,
			);
			name = Main.storyboard;
			sourceTree = "<group>";
		};
		000E3EF1187FD5D5007EA39A /* InfoPlist.strings */ = {
			isa = PBXVariantGroup;
			children = (
				000E3EF2187FD5D5007EA39A /* en */,
			);
			name = InfoPlist.strings;
			sourceTree = "<group>";
		};
/* End PBXVariantGroup section */

/* Begin XCBuildConfiguration section */
		000E3EF6187FD5D5007EA39A /* Debug */ = {
			isa = XCBuildConfiguration;
			buildSettings = {
				ALWAYS_SEARCH_USER_PATHS = NO;
				ARCHS = "$(ARCHS_STANDARD_INCLUDING_64_BIT)";
				CLANG_CXX_LANGUAGE_STANDARD = "gnu++0x";
				CLANG_CXX_LIBRARY = "libc++";
				CLANG_ENABLE_MODULES = YES;
				CLANG_ENABLE_OBJC_ARC = YES;
				CLANG_WARN_BOOL_CONVERSION = YES;
				CLANG_WARN_CONSTANT_CONVERSION = YES;
				CLANG_WARN_DIRECT_OBJC_ISA_USAGE = YES_ERROR;
				CLANG_WARN_EMPTY_BODY = YES;
				CLANG_WARN_ENUM_CONVERSION = YES;
				CLANG_WARN_INT_CONVERSION = YES;
				CLANG_WARN_OBJC_ROOT_CLASS = YES_ERROR;
				CLANG_WARN__DUPLICATE_METHOD_MATCH = YES;
				"CODE_SIGN_IDENTITY[sdk=iphoneos*]" = "iPhone Developer";
				COPY_PHASE_STRIP = NO;
				GCC_C_LANGUAGE_STANDARD = gnu99;
				GCC_DYNAMIC_NO_PIC = NO;
				GCC_OPTIMIZATION_LEVEL = 0;
				GCC_PREPROCESSOR_DEFINITIONS = (
					"DEBUG=1",
					"$(inherited)",
				);
				GCC_SYMBOLS_PRIVATE_EXTERN = NO;
				GCC_WARN_64_TO_32_BIT_CONVERSION = YES;
				GCC_WARN_ABOUT_RETURN_TYPE = YES_ERROR;
				GCC_WARN_UNDECLARED_SELECTOR = YES;
				GCC_WARN_UNINITIALIZED_AUTOS = YES;
				GCC_WARN_UNUSED_FUNCTION = YES;
				GCC_WARN_UNUSED_VARIABLE = YES;
				IPHONEOS_DEPLOYMENT_TARGET = 7.0;
				ONLY_ACTIVE_ARCH = YES;
				SDKROOT = iphoneos;
			};
			name = Debug;
		};
		000E3EF7187FD5D5007EA39A /* Release */ = {
			isa = XCBuildConfiguration;
			buildSettings = {
				ALWAYS_SEARCH_USER_PATHS = NO;
				ARCHS = "$(ARCHS_STANDARD_INCLUDING_64_BIT)";
				CLANG_CXX_LANGUAGE_STANDARD = "gnu++0x";
				CLANG_CXX_LIBRARY = "libc++";
				CLANG_ENABLE_MODULES = YES;
				CLANG_ENABLE_OBJC_ARC = YES;
				CLANG_WARN_BOOL_CONVERSION = YES;
				CLANG_WARN_CONSTANT_CONVERSION = YES;
				CLANG_WARN_DIRECT_OBJC_ISA_USAGE = YES_ERROR;
				CLANG_WARN_EMPTY_BODY = YES;
				CLANG_WARN_ENUM_CONVERSION = YES;
				CLANG_WARN_INT_CONVERSION = YES;
				CLANG_WARN_OBJC_ROOT_CLASS = YES_ERROR;
				CLANG_WARN__DUPLICATE_METHOD_MATCH = YES;
				"CODE_SIGN_IDENTITY[sdk=iphoneos*]" = "iPhone Developer";
				COPY_PHASE_STRIP = YES;
				ENABLE_NS_ASSERTIONS = NO;
				GCC_C_LANGUAGE_STANDARD = gnu99;
				GCC_WARN_64_TO_32_BIT_CONVERSION = YES;
				GCC_WARN_ABOUT_RETURN_TYPE = YES_ERROR;
				GCC_WARN_UNDECLARED_SELECTOR = YES;
				GCC_WARN_UNINITIALIZED_AUTOS = YES;
				GCC_WARN_UNUSED_FUNCTION = YES;
				GCC_WARN_UNUSED_VARIABLE = YES;
				IPHONEOS_DEPLOYMENT_TARGET = 7.0;
				SDKROOT = iphoneos;
				VALIDATE_PRODUCT = YES;
			};
			name = Release;
		};
		000E3EF9187FD5D5007EA39A /* Debug */ = {
			isa = XCBuildConfiguration;
			buildSettings = {
				ASSETCATALOG_COMPILER_APPICON_NAME = AppIcon;
				ASSETCATALOG_COMPILER_LAUNCHIMAGE_NAME = LaunchImage;
				GCC_PRECOMPILE_PREFIX_HEADER = YES;
				GCC_PREFIX_HEADER = "day11_2_6_6_navigation/day11_2_6_6_navigation-Prefix.pch";
				INFOPLIST_FILE = "day11_2_6_6_navigation/day11_2_6_6_navigation-Info.plist";
				PRODUCT_NAME = "$(TARGET_NAME)";
				WRAPPER_EXTENSION = app;
			};
			name = Debug;
		};
		000E3EFA187FD5D5007EA39A /* Release */ = {
			isa = XCBuildConfiguration;
			buildSettings = {
				ASSETCATALOG_COMPILER_APPICON_NAME = AppIcon;
				ASSETCATALOG_COMPILER_LAUNCHIMAGE_NAME = LaunchImage;
				GCC_PRECOMPILE_PREFIX_HEADER = YES;
				GCC_PREFIX_HEADER = "day11_2_6_6_navigation/day11_2_6_6_navigation-Prefix.pch";
				INFOPLIST_FILE = "day11_2_6_6_navigation/day11_2_6_6_navigation-Info.plist";
				PRODUCT_NAME = "$(TARGET_NAME)";
				WRAPPER_EXTENSION = app;
			};
			name = Release;
		};
		000E3EFC187FD5D5007EA39A /* Debug */ = {
			isa = XCBuildConfiguration;
			buildSettings = {
				ARCHS = "$(ARCHS_STANDARD_INCLUDING_64_BIT)";
				BUNDLE_LOADER = "$(BUILT_PRODUCTS_DIR)/day11_2_6_6_navigation.app/day11_2_6_6_navigation";
				FRAMEWORK_SEARCH_PATHS = (
					"$(SDKROOT)/Developer/Library/Frameworks",
					"$(inherited)",
					"$(DEVELOPER_FRAMEWORKS_DIR)",
				);
				GCC_PRECOMPILE_PREFIX_HEADER = YES;
				GCC_PREFIX_HEADER = "day11_2_6_6_navigation/day11_2_6_6_navigation-Prefix.pch";
				GCC_PREPROCESSOR_DEFINITIONS = (
					"DEBUG=1",
					"$(inherited)",
				);
				INFOPLIST_FILE = "day11_2_6_6_navigationTests/day11_2_6_6_navigationTests-Info.plist";
				PRODUCT_NAME = "$(TARGET_NAME)";
				TEST_HOST = "$(BUNDLE_LOADER)";
				WRAPPER_EXTENSION = xctest;
			};
			name = Debug;
		};
		000E3EFD187FD5D5007EA39A /* Release */ = {
			isa = XCBuildConfiguration;
			buildSettings = {
				ARCHS = "$(ARCHS_STANDARD_INCLUDING_64_BIT)";
				BUNDLE_LOADER = "$(BUILT_PRODUCTS_DIR)/day11_2_6_6_navigation.app/day11_2_6_6_navigation";
				FRAMEWORK_SEARCH_PATHS = (
					"$(SDKROOT)/Developer/Library/Frameworks",
					"$(inherited)",
					"$(DEVELOPER_FRAMEWORKS_DIR)",
				);
				GCC_PRECOMPILE_PREFIX_HEADER = YES;
				GCC_PREFIX_HEADER = "day11_2_6_6_navigation/day11_2_6_6_navigation-Prefix.pch";
				INFOPLIST_FILE = "day11_2_6_6_navigationTests/day11_2_6_6_navigationTests-Info.plist";
				PRODUCT_NAME = "$(TARGET_NAME)";
				TEST_HOST = "$(BUNDLE_LOADER)";
				WRAPPER_EXTENSION = xctest;
			};
			name = Release;
		};
/* End XCBuildConfiguration section */

/* Begin XCConfigurationList section */
		000E3EC1187FD5D4007EA39A /* Build configuration list for PBXProject "day11_2_6_6_navigation" */ = {
			isa = XCConfigurationList;
			buildConfigurations = (
				000E3EF6187FD5D5007EA39A /* Debug */,
				000E3EF7187FD5D5007EA39A /* Release */,
			);
			defaultConfigurationIsVisible = 0;
			defaultConfigurationName = Release;
		};
		000E3EF8187FD5D5007EA39A /* Build configuration list for PBXNativeTarget "day11_2_6_6_navigation" */ = {
			isa = XCConfigurationList;
			buildConfigurations = (
				000E3EF9187FD5D5007EA39A /* Debug */,
				000E3EFA187FD5D5007EA39A /* Release */,
			);
			defaultConfigurationIsVisible = 0;
		};
		000E3EFB187FD5D5007EA39A /* Build configuration list for PBXNativeTarget "day11_2_6_6_navigationTests" */ = {
			isa = XCConfigurationList;
			buildConfigurations = (
				000E3EFC187FD5D5007EA39A /* Debug */,
				000E3EFD187FD5D5007EA39A /* Release */,
			);
			defaultConfigurationIsVisible = 0;
		};
/* End XCConfigurationList section */
	};
	rootObject = 000E3EBE187FD5D4007EA39A /* Project object */;
}
